{
    "version": 3,
    "terraform_version": "0.11.3",
    "serial": 2,
    "lineage": "c8787a6b-62fd-4af0-8c17-e3a432d98f17",
    "modules": [
        {
            "path": [
                "root"
            ],
            "outputs": {
                "demo_backend_url": {
                    "sensitive": false,
                    "type": "string",
                    "value": "http://demo-backend-elb-1065444744.us-east-1.elb.amazonaws.com"
                },
                "demo_frontend_url": {
                    "sensitive": false,
                    "type": "string",
                    "value": "http://demo-frontend-elb-1418819275.us-east-1.elb.amazonaws.com"
                }
            },
            "resources": {
                "data.aws_availability_zones.available": {
                    "type": "aws_availability_zones",
                    "depends_on": [],
                    "primary": {
                        "id": "2018-03-22 09:46:09.084341149 +0000 UTC",
                        "attributes": {
                            "id": "2018-03-22 09:46:09.084341149 +0000 UTC",
                            "names.#": "6",
                            "names.0": "us-east-1a",
                            "names.1": "us-east-1b",
                            "names.2": "us-east-1c",
                            "names.3": "us-east-1d",
                            "names.4": "us-east-1e",
                            "names.5": "us-east-1f"
                        },
                        "meta": {},
                        "tainted": false
                    },
                    "deposed": [],
                    "provider": "provider.aws"
                },
                "data.aws_subnet.default.0": {
                    "type": "aws_subnet",
                    "depends_on": [
                        "data.aws_availability_zones.available",
                        "data.aws_vpc.default"
                    ],
                    "primary": {
                        "id": "subnet-83ca65cb",
                        "attributes": {
                            "assign_ipv6_address_on_creation": "false",
                            "availability_zone": "us-east-1a",
                            "cidr_block": "172.31.16.0/20",
                            "default_for_az": "true",
                            "id": "subnet-83ca65cb",
                            "map_public_ip_on_launch": "true",
                            "state": "available",
                            "tags.%": "0",
                            "vpc_id": "vpc-28769251"
                        },
                        "meta": {},
                        "tainted": false
                    },
                    "deposed": [],
                    "provider": "provider.aws"
                },
                "data.aws_subnet.default.1": {
                    "type": "aws_subnet",
                    "depends_on": [
                        "data.aws_availability_zones.available",
                        "data.aws_vpc.default"
                    ],
                    "primary": {
                        "id": "subnet-e924ccb3",
                        "attributes": {
                            "assign_ipv6_address_on_creation": "false",
                            "availability_zone": "us-east-1b",
                            "cidr_block": "172.31.32.0/20",
                            "default_for_az": "true",
                            "id": "subnet-e924ccb3",
                            "map_public_ip_on_launch": "true",
                            "state": "available",
                            "tags.%": "0",
                            "vpc_id": "vpc-28769251"
                        },
                        "meta": {},
                        "tainted": false
                    },
                    "deposed": [],
                    "provider": "provider.aws"
                },
                "data.aws_subnet.default.2": {
                    "type": "aws_subnet",
                    "depends_on": [
                        "data.aws_availability_zones.available",
                        "data.aws_vpc.default"
                    ],
                    "primary": {
                        "id": "subnet-c44869a1",
                        "attributes": {
                            "assign_ipv6_address_on_creation": "false",
                            "availability_zone": "us-east-1c",
                            "cidr_block": "172.31.0.0/20",
                            "default_for_az": "true",
                            "id": "subnet-c44869a1",
                            "map_public_ip_on_launch": "true",
                            "state": "available",
                            "tags.%": "0",
                            "vpc_id": "vpc-28769251"
                        },
                        "meta": {},
                        "tainted": false
                    },
                    "deposed": [],
                    "provider": "provider.aws"
                },
                "data.aws_vpc.default": {
                    "type": "aws_vpc",
                    "depends_on": [],
                    "primary": {
                        "id": "vpc-28769251",
                        "attributes": {
                            "cidr_block": "172.31.0.0/16",
                            "default": "true",
                            "dhcp_options_id": "dopt-6f0ffa09",
                            "enable_dns_hostnames": "true",
                            "enable_dns_support": "true",
                            "id": "vpc-28769251",
                            "instance_tenancy": "default",
                            "state": "available",
                            "tags.%": "0"
                        },
                        "meta": {},
                        "tainted": false
                    },
                    "deposed": [],
                    "provider": "provider.aws"
                }
            },
            "depends_on": []
        },
        {
            "path": [
                "root",
                "demo_backend"
            ],
            "outputs": {
                "iam_role_id": {
                    "sensitive": false,
                    "type": "string",
                    "value": "demo-backend"
                },
                "service_id": {
                    "sensitive": false,
                    "type": "string",
                    "value": "arn:aws:ecs:us-east-1:785295575848:service/demo-backend"
                },
                "task_arn": {
                    "sensitive": false,
                    "type": "string",
                    "value": "arn:aws:ecs:us-east-1:785295575848:task-definition/demo-backend:1"
                }
            },
            "resources": {
                "aws_ecs_service.service": {
                    "type": "aws_ecs_service",
                    "depends_on": [
                        "aws_ecs_task_definition.task",
                        "aws_iam_role.ecs_service_role",
                        "aws_iam_role_policy.ecs_service_policy"
                    ],
                    "primary": {
                        "id": "arn:aws:ecs:us-east-1:785295575848:service/demo-backend",
                        "attributes": {
                            "cluster": "arn:aws:ecs:us-east-1:785295575848:cluster/ecs-demo",
                            "deployment_maximum_percent": "200",
                            "deployment_minimum_healthy_percent": "100",
                            "desired_count": "1",
                            "health_check_grace_period_seconds": "0",
                            "iam_role": "arn:aws:iam::785295575848:role/demo-backend",
                            "id": "arn:aws:ecs:us-east-1:785295575848:service/demo-backend",
                            "launch_type": "EC2",
                            "load_balancer.#": "1",
                            "load_balancer.3170321201.container_name": "demo-backend",
                            "load_balancer.3170321201.container_port": "4567",
                            "load_balancer.3170321201.elb_name": "demo-backend-elb",
                            "load_balancer.3170321201.target_group_arn": "",
                            "name": "demo-backend",
                            "network_configuration.#": "0",
                            "placement_constraints.#": "0",
                            "placement_strategy.#": "0",
                            "task_definition": "arn:aws:ecs:us-east-1:785295575848:task-definition/demo-backend:1"
                        },
                        "meta": {},
                        "tainted": false
                    },
                    "deposed": [],
                    "provider": "provider.aws"
                },
                "aws_ecs_task_definition.task": {
                    "type": "aws_ecs_task_definition",
                    "depends_on": [
                        "data.template_file.env_vars.*"
                    ],
                    "primary": {
                        "id": "demo-backend",
                        "attributes": {
                            "arn": "arn:aws:ecs:us-east-1:785295575848:task-definition/demo-backend:1",
                            "container_definitions": "[{\"cpu\":1024,\"environment\":[{\"name\":\"RACK_ENV\",\"value\":\"production\"}],\"essential\":true,\"image\":\"priyankagupta/priyanka_backend:latest\",\"memory\":768,\"mountPoints\":[],\"name\":\"demo-backend\",\"portMappings\":[{\"containerPort\":4567,\"hostPort\":4567,\"protocol\":\"tcp\"}],\"volumesFrom\":[]}]",
                            "cpu": "",
                            "execution_role_arn": "",
                            "family": "demo-backend",
                            "id": "demo-backend",
                            "memory": "",
                            "network_mode": "",
                            "placement_constraints.#": "0",
                            "requires_compatibilities.#": "0",
                            "revision": "1",
                            "task_role_arn": ""
                        },
                        "meta": {
                            "schema_version": "1"
                        },
                        "tainted": false
                    },
                    "deposed": [],
                    "provider": "provider.aws"
                },
                "aws_iam_role.ecs_service_role": {
                    "type": "aws_iam_role",
                    "depends_on": [
                        "data.aws_iam_policy_document.ecs_service_role"
                    ],
                    "primary": {
                        "id": "demo-backend",
                        "attributes": {
                            "arn": "arn:aws:iam::785295575848:role/demo-backend",
                            "assume_role_policy": "{\"Version\":\"2012-10-17\",\"Statement\":[{\"Sid\":\"\",\"Effect\":\"Allow\",\"Principal\":{\"Service\":\"ecs.amazonaws.com\"},\"Action\":\"sts:AssumeRole\"}]}",
                            "create_date": "2018-03-22T09:47:22Z",
                            "force_detach_policies": "false",
                            "id": "demo-backend",
                            "name": "demo-backend",
                            "path": "/",
                            "unique_id": "AROAJIAWDBZO7KDGI36OI"
                        },
                        "meta": {},
                        "tainted": false
                    },
                    "deposed": [],
                    "provider": "provider.aws"
                },
                "aws_iam_role_policy.ecs_service_policy": {
                    "type": "aws_iam_role_policy",
                    "depends_on": [
                        "aws_iam_role.ecs_service_role",
                        "data.aws_iam_policy_document.ecs_service_policy"
                    ],
                    "primary": {
                        "id": "demo-backend:ecs-service-policy",
                        "attributes": {
                            "id": "demo-backend:ecs-service-policy",
                            "name": "ecs-service-policy",
                            "policy": "{\n  \"Version\": \"2012-10-17\",\n  \"Statement\": [\n    {\n      \"Sid\": \"\",\n      \"Effect\": \"Allow\",\n      \"Action\": [\n        \"elasticloadbalancing:RegisterInstancesWithLoadBalancer\",\n        \"elasticloadbalancing:Describe*\",\n        \"elasticloadbalancing:DeregisterInstancesFromLoadBalancer\",\n        \"ec2:Describe*\",\n        \"ec2:AuthorizeSecurityGroupIngress\"\n      ],\n      \"Resource\": \"*\"\n    }\n  ]\n}",
                            "role": "demo-backend"
                        },
                        "meta": {},
                        "tainted": false
                    },
                    "deposed": [],
                    "provider": "provider.aws"
                },
                "data.aws_iam_policy_document.ecs_service_policy": {
                    "type": "aws_iam_policy_document",
                    "depends_on": [],
                    "primary": {
                        "id": "3615693260",
                        "attributes": {
                            "id": "3615693260",
                            "json": "{\n  \"Version\": \"2012-10-17\",\n  \"Statement\": [\n    {\n      \"Sid\": \"\",\n      \"Effect\": \"Allow\",\n      \"Action\": [\n        \"elasticloadbalancing:RegisterInstancesWithLoadBalancer\",\n        \"elasticloadbalancing:Describe*\",\n        \"elasticloadbalancing:DeregisterInstancesFromLoadBalancer\",\n        \"ec2:Describe*\",\n        \"ec2:AuthorizeSecurityGroupIngress\"\n      ],\n      \"Resource\": \"*\"\n    }\n  ]\n}",
                            "statement.#": "1",
                            "statement.0.actions.#": "5",
                            "statement.0.actions.2459212947": "ec2:Describe*",
                            "statement.0.actions.2464853358": "ec2:AuthorizeSecurityGroupIngress",
                            "statement.0.actions.2706807274": "elasticloadbalancing:DeregisterInstancesFromLoadBalancer",
                            "statement.0.actions.2747799858": "elasticloadbalancing:Describe*",
                            "statement.0.actions.982461153": "elasticloadbalancing:RegisterInstancesWithLoadBalancer",
                            "statement.0.condition.#": "0",
                            "statement.0.effect": "Allow",
                            "statement.0.not_actions.#": "0",
                            "statement.0.not_principals.#": "0",
                            "statement.0.not_resources.#": "0",
                            "statement.0.principals.#": "0",
                            "statement.0.resources.#": "1",
                            "statement.0.resources.2679715827": "*",
                            "statement.0.sid": ""
                        },
                        "meta": {},
                        "tainted": false
                    },
                    "deposed": [],
                    "provider": "provider.aws"
                },
                "data.aws_iam_policy_document.ecs_service_role": {
                    "type": "aws_iam_policy_document",
                    "depends_on": [],
                    "primary": {
                        "id": "3622649364",
                        "attributes": {
                            "id": "3622649364",
                            "json": "{\n  \"Version\": \"2012-10-17\",\n  \"Statement\": [\n    {\n      \"Sid\": \"\",\n      \"Effect\": \"Allow\",\n      \"Action\": \"sts:AssumeRole\",\n      \"Principal\": {\n        \"Service\": \"ecs.amazonaws.com\"\n      }\n    }\n  ]\n}",
                            "statement.#": "1",
                            "statement.0.actions.#": "1",
                            "statement.0.actions.2528466339": "sts:AssumeRole",
                            "statement.0.condition.#": "0",
                            "statement.0.effect": "Allow",
                            "statement.0.not_actions.#": "0",
                            "statement.0.not_principals.#": "0",
                            "statement.0.not_resources.#": "0",
                            "statement.0.principals.#": "1",
                            "statement.0.principals.1113412664.identifiers.#": "1",
                            "statement.0.principals.1113412664.identifiers.1509832800": "ecs.amazonaws.com",
                            "statement.0.principals.1113412664.type": "Service",
                            "statement.0.resources.#": "0",
                            "statement.0.sid": ""
                        },
                        "meta": {},
                        "tainted": false
                    },
                    "deposed": [],
                    "provider": "provider.aws"
                },
                "data.template_file.env_vars": {
                    "type": "template_file",
                    "depends_on": [],
                    "primary": {
                        "id": "cb3f3c025d0e240350ecafe16d35c7c1065a566794a77fe95776507f9bad6434",
                        "attributes": {
                            "id": "cb3f3c025d0e240350ecafe16d35c7c1065a566794a77fe95776507f9bad6434",
                            "rendered": "{\"name\": \"RACK_ENV\", \"value\": \"production\"}\n",
                            "template": "{\"name\": \"RACK_ENV\", \"value\": \"production\"}\n"
                        },
                        "meta": {},
                        "tainted": false
                    },
                    "deposed": [],
                    "provider": "provider.template"
                }
            },
            "depends_on": []
        },
        {
            "path": [
                "root",
                "demo_backend_elb"
            ],
            "outputs": {
                "elb_dns_name": {
                    "sensitive": false,
                    "type": "string",
                    "value": "demo-backend-elb-1065444744.us-east-1.elb.amazonaws.com"
                },
                "elb_name": {
                    "sensitive": false,
                    "type": "string",
                    "value": "demo-backend-elb"
                },
                "security_group_id": {
                    "sensitive": false,
                    "type": "string",
                    "value": "sg-cb6822bd"
                }
            },
            "resources": {
                "aws_elb.elb": {
                    "type": "aws_elb",
                    "depends_on": [
                        "aws_security_group.elb"
                    ],
                    "primary": {
                        "id": "demo-backend-elb",
                        "attributes": {
                            "access_logs.#": "0",
                            "arn": "arn:aws:elasticloadbalancing:us-east-1:785295575848:loadbalancer/demo-backend-elb",
                            "availability_zones.#": "3",
                            "availability_zones.1305112097": "us-east-1b",
                            "availability_zones.3569565595": "us-east-1a",
                            "availability_zones.986537655": "us-east-1c",
                            "connection_draining": "false",
                            "connection_draining_timeout": "300",
                            "cross_zone_load_balancing": "true",
                            "dns_name": "demo-backend-elb-1065444744.us-east-1.elb.amazonaws.com",
                            "health_check.#": "1",
                            "health_check.0.healthy_threshold": "2",
                            "health_check.0.interval": "15",
                            "health_check.0.target": "HTTP:4567/health",
                            "health_check.0.timeout": "5",
                            "health_check.0.unhealthy_threshold": "2",
                            "id": "demo-backend-elb",
                            "idle_timeout": "60",
                            "instances.#": "0",
                            "internal": "false",
                            "listener.#": "1",
                            "listener.1387527440.instance_port": "4567",
                            "listener.1387527440.instance_protocol": "http",
                            "listener.1387527440.lb_port": "80",
                            "listener.1387527440.lb_protocol": "http",
                            "listener.1387527440.ssl_certificate_id": "",
                            "name": "demo-backend-elb",
                            "security_groups.#": "1",
                            "security_groups.757382960": "sg-cb6822bd",
                            "source_security_group": "785295575848/demo-backend-elb",
                            "source_security_group_id": "sg-cb6822bd",
                            "subnets.#": "3",
                            "subnets.1399892077": "subnet-83ca65cb",
                            "subnets.1935505198": "subnet-c44869a1",
                            "subnets.2677503852": "subnet-e924ccb3",
                            "tags.%": "0",
                            "zone_id": "Z35SXDOTRQ7X7K"
                        },
                        "meta": {},
                        "tainted": false
                    },
                    "deposed": [],
                    "provider": "provider.aws"
                },
                "aws_security_group.elb": {
                    "type": "aws_security_group",
                    "depends_on": [],
                    "primary": {
                        "id": "sg-cb6822bd",
                        "attributes": {
                            "description": "The security group for the demo-backend-elb ELB",
                            "egress.#": "0",
                            "id": "sg-cb6822bd",
                            "ingress.#": "0",
                            "name": "demo-backend-elb",
                            "owner_id": "785295575848",
                            "revoke_rules_on_delete": "false",
                            "tags.%": "0",
                            "vpc_id": "vpc-28769251"
                        },
                        "meta": {
                            "schema_version": "1"
                        },
                        "tainted": false
                    },
                    "deposed": [],
                    "provider": "provider.aws"
                },
                "aws_security_group_rule.all_inbound_all": {
                    "type": "aws_security_group_rule",
                    "depends_on": [
                        "aws_security_group.elb"
                    ],
                    "primary": {
                        "id": "sgrule-379192615",
                        "attributes": {
                            "cidr_blocks.#": "1",
                            "cidr_blocks.0": "0.0.0.0/0",
                            "from_port": "80",
                            "id": "sgrule-379192615",
                            "protocol": "tcp",
                            "security_group_id": "sg-cb6822bd",
                            "self": "false",
                            "to_port": "80",
                            "type": "ingress"
                        },
                        "meta": {
                            "schema_version": "2"
                        },
                        "tainted": false
                    },
                    "deposed": [],
                    "provider": "provider.aws"
                },
                "aws_security_group_rule.all_outbound_all": {
                    "type": "aws_security_group_rule",
                    "depends_on": [
                        "aws_security_group.elb"
                    ],
                    "primary": {
                        "id": "sgrule-689076241",
                        "attributes": {
                            "cidr_blocks.#": "1",
                            "cidr_blocks.0": "0.0.0.0/0",
                            "from_port": "0",
                            "id": "sgrule-689076241",
                            "protocol": "-1",
                            "security_group_id": "sg-cb6822bd",
                            "self": "false",
                            "to_port": "0",
                            "type": "egress"
                        },
                        "meta": {
                            "schema_version": "2"
                        },
                        "tainted": false
                    },
                    "deposed": [],
                    "provider": "provider.aws"
                }
            },
            "depends_on": []
        },
        {
            "path": [
                "root",
                "demo_frontend"
            ],
            "outputs": {
                "iam_role_id": {
                    "sensitive": false,
                    "type": "string",
                    "value": "demo-frontend"
                },
                "service_id": {
                    "sensitive": false,
                    "type": "string",
                    "value": "arn:aws:ecs:us-east-1:785295575848:service/demo-frontend"
                },
                "task_arn": {
                    "sensitive": false,
                    "type": "string",
                    "value": "arn:aws:ecs:us-east-1:785295575848:task-definition/demo-frontend:1"
                }
            },
            "resources": {
                "aws_ecs_service.service": {
                    "type": "aws_ecs_service",
                    "depends_on": [
                        "aws_ecs_task_definition.task",
                        "aws_iam_role.ecs_service_role",
                        "aws_iam_role_policy.ecs_service_policy"
                    ],
                    "primary": {
                        "id": "arn:aws:ecs:us-east-1:785295575848:service/demo-frontend",
                        "attributes": {
                            "cluster": "arn:aws:ecs:us-east-1:785295575848:cluster/ecs-demo",
                            "deployment_maximum_percent": "200",
                            "deployment_minimum_healthy_percent": "100",
                            "desired_count": "1",
                            "health_check_grace_period_seconds": "0",
                            "iam_role": "arn:aws:iam::785295575848:role/demo-frontend",
                            "id": "arn:aws:ecs:us-east-1:785295575848:service/demo-frontend",
                            "launch_type": "EC2",
                            "load_balancer.#": "1",
                            "load_balancer.1233548113.container_name": "demo-frontend",
                            "load_balancer.1233548113.container_port": "3000",
                            "load_balancer.1233548113.elb_name": "demo-frontend-elb",
                            "load_balancer.1233548113.target_group_arn": "",
                            "name": "demo-frontend",
                            "network_configuration.#": "0",
                            "placement_constraints.#": "0",
                            "placement_strategy.#": "0",
                            "task_definition": "arn:aws:ecs:us-east-1:785295575848:task-definition/demo-frontend:1"
                        },
                        "meta": {},
                        "tainted": false
                    },
                    "deposed": [],
                    "provider": "provider.aws"
                },
                "aws_ecs_task_definition.task": {
                    "type": "aws_ecs_task_definition",
                    "depends_on": [
                        "data.template_file.env_vars.*"
                    ],
                    "primary": {
                        "id": "demo-frontend",
                        "attributes": {
                            "arn": "arn:aws:ecs:us-east-1:785295575848:task-definition/demo-frontend:1",
                            "container_definitions": "[{\"cpu\":1024,\"environment\":[{\"name\":\"RACK_ENV\",\"value\":\"production\"},{\"name\":\"SINATRA_BACKEND_PORT\",\"value\":\"tcp://demo-backend-elb-1065444744.us-east-1.elb.amazonaws.com\"}],\"essential\":true,\"image\":\"priyankagupta/priyanka_frontend:latest\",\"memory\":768,\"mountPoints\":[],\"name\":\"demo-frontend\",\"portMappings\":[{\"containerPort\":3000,\"hostPort\":3000,\"protocol\":\"tcp\"}],\"volumesFrom\":[]}]",
                            "cpu": "",
                            "execution_role_arn": "",
                            "family": "demo-frontend",
                            "id": "demo-frontend",
                            "memory": "",
                            "network_mode": "",
                            "placement_constraints.#": "0",
                            "requires_compatibilities.#": "0",
                            "revision": "1",
                            "task_role_arn": ""
                        },
                        "meta": {
                            "schema_version": "1"
                        },
                        "tainted": false
                    },
                    "deposed": [],
                    "provider": "provider.aws"
                },
                "aws_iam_role.ecs_service_role": {
                    "type": "aws_iam_role",
                    "depends_on": [
                        "data.aws_iam_policy_document.ecs_service_role"
                    ],
                    "primary": {
                        "id": "demo-frontend",
                        "attributes": {
                            "arn": "arn:aws:iam::785295575848:role/demo-frontend",
                            "assume_role_policy": "{\"Version\":\"2012-10-17\",\"Statement\":[{\"Sid\":\"\",\"Effect\":\"Allow\",\"Principal\":{\"Service\":\"ecs.amazonaws.com\"},\"Action\":\"sts:AssumeRole\"}]}",
                            "create_date": "2018-03-22T09:47:22Z",
                            "force_detach_policies": "false",
                            "id": "demo-frontend",
                            "name": "demo-frontend",
                            "path": "/",
                            "unique_id": "AROAJTUU3M2GAVGTNZGBO"
                        },
                        "meta": {},
                        "tainted": false
                    },
                    "deposed": [],
                    "provider": "provider.aws"
                },
                "aws_iam_role_policy.ecs_service_policy": {
                    "type": "aws_iam_role_policy",
                    "depends_on": [
                        "aws_iam_role.ecs_service_role",
                        "data.aws_iam_policy_document.ecs_service_policy"
                    ],
                    "primary": {
                        "id": "demo-frontend:ecs-service-policy",
                        "attributes": {
                            "id": "demo-frontend:ecs-service-policy",
                            "name": "ecs-service-policy",
                            "policy": "{\n  \"Version\": \"2012-10-17\",\n  \"Statement\": [\n    {\n      \"Sid\": \"\",\n      \"Effect\": \"Allow\",\n      \"Action\": [\n        \"elasticloadbalancing:RegisterInstancesWithLoadBalancer\",\n        \"elasticloadbalancing:Describe*\",\n        \"elasticloadbalancing:DeregisterInstancesFromLoadBalancer\",\n        \"ec2:Describe*\",\n        \"ec2:AuthorizeSecurityGroupIngress\"\n      ],\n      \"Resource\": \"*\"\n    }\n  ]\n}",
                            "role": "demo-frontend"
                        },
                        "meta": {},
                        "tainted": false
                    },
                    "deposed": [],
                    "provider": "provider.aws"
                },
                "data.aws_iam_policy_document.ecs_service_policy": {
                    "type": "aws_iam_policy_document",
                    "depends_on": [],
                    "primary": {
                        "id": "3615693260",
                        "attributes": {
                            "id": "3615693260",
                            "json": "{\n  \"Version\": \"2012-10-17\",\n  \"Statement\": [\n    {\n      \"Sid\": \"\",\n      \"Effect\": \"Allow\",\n      \"Action\": [\n        \"elasticloadbalancing:RegisterInstancesWithLoadBalancer\",\n        \"elasticloadbalancing:Describe*\",\n        \"elasticloadbalancing:DeregisterInstancesFromLoadBalancer\",\n        \"ec2:Describe*\",\n        \"ec2:AuthorizeSecurityGroupIngress\"\n      ],\n      \"Resource\": \"*\"\n    }\n  ]\n}",
                            "statement.#": "1",
                            "statement.0.actions.#": "5",
                            "statement.0.actions.2459212947": "ec2:Describe*",
                            "statement.0.actions.2464853358": "ec2:AuthorizeSecurityGroupIngress",
                            "statement.0.actions.2706807274": "elasticloadbalancing:DeregisterInstancesFromLoadBalancer",
                            "statement.0.actions.2747799858": "elasticloadbalancing:Describe*",
                            "statement.0.actions.982461153": "elasticloadbalancing:RegisterInstancesWithLoadBalancer",
                            "statement.0.condition.#": "0",
                            "statement.0.effect": "Allow",
                            "statement.0.not_actions.#": "0",
                            "statement.0.not_principals.#": "0",
                            "statement.0.not_resources.#": "0",
                            "statement.0.principals.#": "0",
                            "statement.0.resources.#": "1",
                            "statement.0.resources.2679715827": "*",
                            "statement.0.sid": ""
                        },
                        "meta": {},
                        "tainted": false
                    },
                    "deposed": [],
                    "provider": "provider.aws"
                },
                "data.aws_iam_policy_document.ecs_service_role": {
                    "type": "aws_iam_policy_document",
                    "depends_on": [],
                    "primary": {
                        "id": "3622649364",
                        "attributes": {
                            "id": "3622649364",
                            "json": "{\n  \"Version\": \"2012-10-17\",\n  \"Statement\": [\n    {\n      \"Sid\": \"\",\n      \"Effect\": \"Allow\",\n      \"Action\": \"sts:AssumeRole\",\n      \"Principal\": {\n        \"Service\": \"ecs.amazonaws.com\"\n      }\n    }\n  ]\n}",
                            "statement.#": "1",
                            "statement.0.actions.#": "1",
                            "statement.0.actions.2528466339": "sts:AssumeRole",
                            "statement.0.condition.#": "0",
                            "statement.0.effect": "Allow",
                            "statement.0.not_actions.#": "0",
                            "statement.0.not_principals.#": "0",
                            "statement.0.not_resources.#": "0",
                            "statement.0.principals.#": "1",
                            "statement.0.principals.1113412664.identifiers.#": "1",
                            "statement.0.principals.1113412664.identifiers.1509832800": "ecs.amazonaws.com",
                            "statement.0.principals.1113412664.type": "Service",
                            "statement.0.resources.#": "0",
                            "statement.0.sid": ""
                        },
                        "meta": {},
                        "tainted": false
                    },
                    "deposed": [],
                    "provider": "provider.aws"
                },
                "data.template_file.env_vars.0": {
                    "type": "template_file",
                    "depends_on": [],
                    "primary": {
                        "id": "cb3f3c025d0e240350ecafe16d35c7c1065a566794a77fe95776507f9bad6434",
                        "attributes": {
                            "id": "cb3f3c025d0e240350ecafe16d35c7c1065a566794a77fe95776507f9bad6434",
                            "rendered": "{\"name\": \"RACK_ENV\", \"value\": \"production\"}\n",
                            "template": "{\"name\": \"RACK_ENV\", \"value\": \"production\"}\n"
                        },
                        "meta": {},
                        "tainted": false
                    },
                    "deposed": [],
                    "provider": "provider.template"
                },
                "data.template_file.env_vars.1": {
                    "type": "template_file",
                    "depends_on": [],
                    "primary": {
                        "id": "60b73dfc32137736c4522fc861d8cc74584d5987411dd4d29b6589cabaa19a8d",
                        "attributes": {
                            "id": "60b73dfc32137736c4522fc861d8cc74584d5987411dd4d29b6589cabaa19a8d",
                            "rendered": "{\"name\": \"SINATRA_BACKEND_PORT\", \"value\": \"tcp://demo-backend-elb-1065444744.us-east-1.elb.amazonaws.com\"}\n",
                            "template": "{\"name\": \"SINATRA_BACKEND_PORT\", \"value\": \"tcp://demo-backend-elb-1065444744.us-east-1.elb.amazonaws.com\"}\n"
                        },
                        "meta": {},
                        "tainted": false
                    },
                    "deposed": [],
                    "provider": "provider.template"
                }
            },
            "depends_on": []
        },
        {
            "path": [
                "root",
                "demo_frontend_elb"
            ],
            "outputs": {
                "elb_dns_name": {
                    "sensitive": false,
                    "type": "string",
                    "value": "demo-frontend-elb-1418819275.us-east-1.elb.amazonaws.com"
                },
                "elb_name": {
                    "sensitive": false,
                    "type": "string",
                    "value": "demo-frontend-elb"
                },
                "security_group_id": {
                    "sensitive": false,
                    "type": "string",
                    "value": "sg-e76b2191"
                }
            },
            "resources": {
                "aws_elb.elb": {
                    "type": "aws_elb",
                    "depends_on": [
                        "aws_security_group.elb"
                    ],
                    "primary": {
                        "id": "demo-frontend-elb",
                        "attributes": {
                            "access_logs.#": "0",
                            "arn": "arn:aws:elasticloadbalancing:us-east-1:785295575848:loadbalancer/demo-frontend-elb",
                            "availability_zones.#": "3",
                            "availability_zones.1305112097": "us-east-1b",
                            "availability_zones.3569565595": "us-east-1a",
                            "availability_zones.986537655": "us-east-1c",
                            "connection_draining": "false",
                            "connection_draining_timeout": "300",
                            "cross_zone_load_balancing": "true",
                            "dns_name": "demo-frontend-elb-1418819275.us-east-1.elb.amazonaws.com",
                            "health_check.#": "1",
                            "health_check.0.healthy_threshold": "2",
                            "health_check.0.interval": "15",
                            "health_check.0.target": "HTTP:3000/health",
                            "health_check.0.timeout": "5",
                            "health_check.0.unhealthy_threshold": "2",
                            "id": "demo-frontend-elb",
                            "idle_timeout": "60",
                            "instances.#": "0",
                            "internal": "false",
                            "listener.#": "1",
                            "listener.2797230273.instance_port": "3000",
                            "listener.2797230273.instance_protocol": "http",
                            "listener.2797230273.lb_port": "80",
                            "listener.2797230273.lb_protocol": "http",
                            "listener.2797230273.ssl_certificate_id": "",
                            "name": "demo-frontend-elb",
                            "security_groups.#": "1",
                            "security_groups.2819438704": "sg-e76b2191",
                            "source_security_group": "785295575848/demo-frontend-elb",
                            "source_security_group_id": "sg-e76b2191",
                            "subnets.#": "3",
                            "subnets.1399892077": "subnet-83ca65cb",
                            "subnets.1935505198": "subnet-c44869a1",
                            "subnets.2677503852": "subnet-e924ccb3",
                            "tags.%": "0",
                            "zone_id": "Z35SXDOTRQ7X7K"
                        },
                        "meta": {},
                        "tainted": false
                    },
                    "deposed": [],
                    "provider": "provider.aws"
                },
                "aws_security_group.elb": {
                    "type": "aws_security_group",
                    "depends_on": [],
                    "primary": {
                        "id": "sg-e76b2191",
                        "attributes": {
                            "description": "The security group for the demo-frontend-elb ELB",
                            "egress.#": "0",
                            "id": "sg-e76b2191",
                            "ingress.#": "0",
                            "name": "demo-frontend-elb",
                            "owner_id": "785295575848",
                            "revoke_rules_on_delete": "false",
                            "tags.%": "0",
                            "vpc_id": "vpc-28769251"
                        },
                        "meta": {
                            "schema_version": "1"
                        },
                        "tainted": false
                    },
                    "deposed": [],
                    "provider": "provider.aws"
                },
                "aws_security_group_rule.all_inbound_all": {
                    "type": "aws_security_group_rule",
                    "depends_on": [
                        "aws_security_group.elb"
                    ],
                    "primary": {
                        "id": "sgrule-829891852",
                        "attributes": {
                            "cidr_blocks.#": "1",
                            "cidr_blocks.0": "0.0.0.0/0",
                            "from_port": "80",
                            "id": "sgrule-829891852",
                            "protocol": "tcp",
                            "security_group_id": "sg-e76b2191",
                            "self": "false",
                            "to_port": "80",
                            "type": "ingress"
                        },
                        "meta": {
                            "schema_version": "2"
                        },
                        "tainted": false
                    },
                    "deposed": [],
                    "provider": "provider.aws"
                },
                "aws_security_group_rule.all_outbound_all": {
                    "type": "aws_security_group_rule",
                    "depends_on": [
                        "aws_security_group.elb"
                    ],
                    "primary": {
                        "id": "sgrule-3843080176",
                        "attributes": {
                            "cidr_blocks.#": "1",
                            "cidr_blocks.0": "0.0.0.0/0",
                            "from_port": "0",
                            "id": "sgrule-3843080176",
                            "protocol": "-1",
                            "security_group_id": "sg-e76b2191",
                            "self": "false",
                            "to_port": "0",
                            "type": "egress"
                        },
                        "meta": {
                            "schema_version": "2"
                        },
                        "tainted": false
                    },
                    "deposed": [],
                    "provider": "provider.aws"
                }
            },
            "depends_on": []
        },
        {
            "path": [
                "root",
                "ecs_cluster"
            ],
            "outputs": {
                "asg_name": {
                    "sensitive": false,
                    "type": "string",
                    "value": "ecs-demo"
                },
                "ecs_cluster_id": {
                    "sensitive": false,
                    "type": "string",
                    "value": "arn:aws:ecs:us-east-1:785295575848:cluster/ecs-demo"
                },
                "iam_role_id": {
                    "sensitive": false,
                    "type": "string",
                    "value": "ecs-demo"
                },
                "iam_role_name": {
                    "sensitive": false,
                    "type": "string",
                    "value": "ecs-demo"
                },
                "security_group_id": {
                    "sensitive": false,
                    "type": "string",
                    "value": "sg-06541e70"
                }
            },
            "resources": {
                "aws_autoscaling_group.ecs_cluster_instances": {
                    "type": "aws_autoscaling_group",
                    "depends_on": [
                        "aws_launch_configuration.ecs_instance"
                    ],
                    "primary": {
                        "id": "ecs-demo",
                        "attributes": {
                            "arn": "arn:aws:autoscaling:us-east-1:785295575848:autoScalingGroup:ae38d48d-48f0-4c64-b1f0-0e6d47fc18ed:autoScalingGroupName/ecs-demo",
                            "availability_zones.#": "3",
                            "availability_zones.1305112097": "us-east-1b",
                            "availability_zones.3569565595": "us-east-1a",
                            "availability_zones.986537655": "us-east-1c",
                            "default_cooldown": "300",
                            "desired_capacity": "2",
                            "force_delete": "false",
                            "health_check_grace_period": "300",
                            "health_check_type": "EC2",
                            "id": "ecs-demo",
                            "launch_configuration": "ecs-demo-20180322094728023900000001",
                            "load_balancers.#": "0",
                            "max_size": "2",
                            "metrics_granularity": "1Minute",
                            "min_size": "2",
                            "name": "ecs-demo",
                            "placement_group": "",
                            "protect_from_scale_in": "false",
                            "suspended_processes.#": "0",
                            "tag.#": "1",
                            "tag.2032589604.key": "Name",
                            "tag.2032589604.propagate_at_launch": "true",
                            "tag.2032589604.value": "ecs-demo",
                            "target_group_arns.#": "0",
                            "termination_policies.#": "0",
                            "vpc_zone_identifier.#": "3",
                            "vpc_zone_identifier.1399892077": "subnet-83ca65cb",
                            "vpc_zone_identifier.1935505198": "subnet-c44869a1",
                            "vpc_zone_identifier.2677503852": "subnet-e924ccb3",
                            "wait_for_capacity_timeout": "10m"
                        },
                        "meta": {
                            "e2bfb730-ecaa-11e6-8f88-34363bc7c4c0": {
                                "delete": 600000000000
                            }
                        },
                        "tainted": false
                    },
                    "deposed": [],
                    "provider": "provider.aws"
                },
                "aws_ecs_cluster.example_cluster": {
                    "type": "aws_ecs_cluster",
                    "depends_on": [],
                    "primary": {
                        "id": "arn:aws:ecs:us-east-1:785295575848:cluster/ecs-demo",
                        "attributes": {
                            "arn": "arn:aws:ecs:us-east-1:785295575848:cluster/ecs-demo",
                            "id": "arn:aws:ecs:us-east-1:785295575848:cluster/ecs-demo",
                            "name": "ecs-demo"
                        },
                        "meta": {},
                        "tainted": false
                    },
                    "deposed": [],
                    "provider": "provider.aws"
                },
                "aws_iam_instance_profile.ecs_instance": {
                    "type": "aws_iam_instance_profile",
                    "depends_on": [
                        "aws_iam_role.ecs_instance"
                    ],
                    "primary": {
                        "id": "ecs-demo",
                        "attributes": {
                            "arn": "arn:aws:iam::785295575848:instance-profile/ecs-demo",
                            "id": "ecs-demo",
                            "name": "ecs-demo",
                            "path": "/",
                            "role": "ecs-demo",
                            "roles.#": "0",
                            "unique_id": "AIPAIAXMD6HSO23SKMVUG"
                        },
                        "meta": {},
                        "tainted": false
                    },
                    "deposed": [],
                    "provider": "provider.aws"
                },
                "aws_iam_role.ecs_instance": {
                    "type": "aws_iam_role",
                    "depends_on": [
                        "data.aws_iam_policy_document.ecs_instance"
                    ],
                    "primary": {
                        "id": "ecs-demo",
                        "attributes": {
                            "arn": "arn:aws:iam::785295575848:role/ecs-demo",
                            "assume_role_policy": "{\"Version\":\"2012-10-17\",\"Statement\":[{\"Sid\":\"\",\"Effect\":\"Allow\",\"Principal\":{\"Service\":\"ec2.amazonaws.com\"},\"Action\":\"sts:AssumeRole\"}]}",
                            "create_date": "2018-03-22T09:47:22Z",
                            "force_detach_policies": "false",
                            "id": "ecs-demo",
                            "name": "ecs-demo",
                            "path": "/",
                            "unique_id": "AROAI2E5HVJPCJAADOPMO"
                        },
                        "meta": {},
                        "tainted": false
                    },
                    "deposed": [],
                    "provider": "provider.aws"
                },
                "aws_iam_role_policy.ecs_cluster_permissions": {
                    "type": "aws_iam_role_policy",
                    "depends_on": [
                        "aws_iam_role.ecs_instance",
                        "data.aws_iam_policy_document.ecs_cluster_permissions"
                    ],
                    "primary": {
                        "id": "ecs-demo:ecs-cluster-permissions",
                        "attributes": {
                            "id": "ecs-demo:ecs-cluster-permissions",
                            "name": "ecs-cluster-permissions",
                            "policy": "{\n  \"Version\": \"2012-10-17\",\n  \"Statement\": [\n    {\n      \"Sid\": \"\",\n      \"Effect\": \"Allow\",\n      \"Action\": [\n        \"ecs:Submit*\",\n        \"ecs:StartTelemetrySession\",\n        \"ecs:RegisterContainerInstance\",\n        \"ecs:Poll\",\n        \"ecs:DiscoverPollEndpoint\",\n        \"ecs:DeregisterContainerInstance\",\n        \"ecs:CreateCluster\"\n      ],\n      \"Resource\": \"*\"\n    }\n  ]\n}",
                            "role": "ecs-demo"
                        },
                        "meta": {},
                        "tainted": false
                    },
                    "deposed": [],
                    "provider": "provider.aws"
                },
                "aws_launch_configuration.ecs_instance": {
                    "type": "aws_launch_configuration",
                    "depends_on": [
                        "aws_iam_instance_profile.ecs_instance",
                        "aws_security_group.ecs_instance",
                        "data.aws_ami.ecs"
                    ],
                    "primary": {
                        "id": "ecs-demo-20180322094728023900000001",
                        "attributes": {
                            "associate_public_ip_address": "false",
                            "ebs_block_device.#": "0",
                            "ebs_optimized": "false",
                            "enable_monitoring": "true",
                            "ephemeral_block_device.#": "0",
                            "iam_instance_profile": "ecs-demo",
                            "id": "ecs-demo-20180322094728023900000001",
                            "image_id": "ami-cb17d8b6",
                            "instance_type": "t2.micro",
                            "key_name": "mysql",
                            "name": "ecs-demo-20180322094728023900000001",
                            "name_prefix": "ecs-demo-",
                            "root_block_device.#": "0",
                            "security_groups.#": "1",
                            "security_groups.3003101753": "sg-06541e70",
                            "spot_price": "",
                            "user_data": "1c00868acd5ac1c76f60c06fd37f4dd891186198",
                            "vpc_classic_link_id": "",
                            "vpc_classic_link_security_groups.#": "0"
                        },
                        "meta": {},
                        "tainted": false
                    },
                    "deposed": [],
                    "provider": "provider.aws"
                },
                "aws_security_group.ecs_instance": {
                    "type": "aws_security_group",
                    "depends_on": [],
                    "primary": {
                        "id": "sg-06541e70",
                        "attributes": {
                            "description": "Security group for the EC2 instances in the ECS cluster ecs-demo",
                            "egress.#": "0",
                            "id": "sg-06541e70",
                            "ingress.#": "0",
                            "name": "ecs-demo",
                            "owner_id": "785295575848",
                            "revoke_rules_on_delete": "false",
                            "tags.%": "0",
                            "vpc_id": "vpc-28769251"
                        },
                        "meta": {
                            "schema_version": "1"
                        },
                        "tainted": false
                    },
                    "deposed": [],
                    "provider": "provider.aws"
                },
                "aws_security_group_rule.all_inbound_ports.0": {
                    "type": "aws_security_group_rule",
                    "depends_on": [
                        "aws_security_group.ecs_instance"
                    ],
                    "primary": {
                        "id": "sgrule-2954904279",
                        "attributes": {
                            "cidr_blocks.#": "1",
                            "cidr_blocks.0": "0.0.0.0/0",
                            "from_port": "3000",
                            "id": "sgrule-2954904279",
                            "protocol": "tcp",
                            "security_group_id": "sg-06541e70",
                            "self": "false",
                            "to_port": "3000",
                            "type": "ingress"
                        },
                        "meta": {
                            "schema_version": "2"
                        },
                        "tainted": false
                    },
                    "deposed": [],
                    "provider": "provider.aws"
                },
                "aws_security_group_rule.all_inbound_ports.1": {
                    "type": "aws_security_group_rule",
                    "depends_on": [
                        "aws_security_group.ecs_instance"
                    ],
                    "primary": {
                        "id": "sgrule-58094916",
                        "attributes": {
                            "cidr_blocks.#": "1",
                            "cidr_blocks.0": "0.0.0.0/0",
                            "from_port": "4567",
                            "id": "sgrule-58094916",
                            "protocol": "tcp",
                            "security_group_id": "sg-06541e70",
                            "self": "false",
                            "to_port": "4567",
                            "type": "ingress"
                        },
                        "meta": {
                            "schema_version": "2"
                        },
                        "tainted": false
                    },
                    "deposed": [],
                    "provider": "provider.aws"
                },
                "aws_security_group_rule.all_inbound_ssh": {
                    "type": "aws_security_group_rule",
                    "depends_on": [
                        "aws_security_group.ecs_instance"
                    ],
                    "primary": {
                        "id": "sgrule-26004242",
                        "attributes": {
                            "cidr_blocks.#": "1",
                            "cidr_blocks.0": "0.0.0.0/0",
                            "from_port": "22",
                            "id": "sgrule-26004242",
                            "protocol": "tcp",
                            "security_group_id": "sg-06541e70",
                            "self": "false",
                            "to_port": "22",
                            "type": "ingress"
                        },
                        "meta": {
                            "schema_version": "2"
                        },
                        "tainted": false
                    },
                    "deposed": [],
                    "provider": "provider.aws"
                },
                "aws_security_group_rule.all_outbound_all": {
                    "type": "aws_security_group_rule",
                    "depends_on": [
                        "aws_security_group.ecs_instance"
                    ],
                    "primary": {
                        "id": "sgrule-1030782715",
                        "attributes": {
                            "cidr_blocks.#": "1",
                            "cidr_blocks.0": "0.0.0.0/0",
                            "from_port": "0",
                            "id": "sgrule-1030782715",
                            "protocol": "-1",
                            "security_group_id": "sg-06541e70",
                            "self": "false",
                            "to_port": "0",
                            "type": "egress"
                        },
                        "meta": {
                            "schema_version": "2"
                        },
                        "tainted": false
                    },
                    "deposed": [],
                    "provider": "provider.aws"
                },
                "data.aws_ami.ecs": {
                    "type": "aws_ami",
                    "depends_on": [],
                    "primary": {
                        "id": "ami-cb17d8b6",
                        "attributes": {
                            "architecture": "x86_64",
                            "block_device_mappings.#": "2",
                            "block_device_mappings.2538004115.device_name": "/dev/xvdcz",
                            "block_device_mappings.2538004115.ebs.%": "5",
                            "block_device_mappings.2538004115.ebs.delete_on_termination": "true",
                            "block_device_mappings.2538004115.ebs.encrypted": "false",
                            "block_device_mappings.2538004115.ebs.iops": "0",
                            "block_device_mappings.2538004115.ebs.volume_size": "22",
                            "block_device_mappings.2538004115.ebs.volume_type": "gp2",
                            "block_device_mappings.2538004115.no_device": "",
                            "block_device_mappings.2538004115.virtual_name": "",
                            "block_device_mappings.340275815.device_name": "/dev/xvda",
                            "block_device_mappings.340275815.ebs.%": "6",
                            "block_device_mappings.340275815.ebs.delete_on_termination": "true",
                            "block_device_mappings.340275815.ebs.encrypted": "false",
                            "block_device_mappings.340275815.ebs.iops": "0",
                            "block_device_mappings.340275815.ebs.snapshot_id": "snap-09864da507166665b",
                            "block_device_mappings.340275815.ebs.volume_size": "8",
                            "block_device_mappings.340275815.ebs.volume_type": "gp2",
                            "block_device_mappings.340275815.no_device": "",
                            "block_device_mappings.340275815.virtual_name": "",
                            "creation_date": "2018-03-16T19:54:24.000Z",
                            "description": "Amazon Linux AMI 2017.09.k x86_64 ECS HVM GP2",
                            "filter.#": "1",
                            "filter.3350713981.name": "name",
                            "filter.3350713981.values.#": "1",
                            "filter.3350713981.values.0": "amzn-ami-*-amazon-ecs-optimized",
                            "hypervisor": "xen",
                            "id": "ami-cb17d8b6",
                            "image_id": "ami-cb17d8b6",
                            "image_location": "amazon/amzn-ami-2017.09.k-amazon-ecs-optimized",
                            "image_owner_alias": "amazon",
                            "image_type": "machine",
                            "most_recent": "true",
                            "name": "amzn-ami-2017.09.k-amazon-ecs-optimized",
                            "owner_id": "591542846629",
                            "owners.#": "1",
                            "owners.0": "amazon",
                            "product_codes.#": "0",
                            "public": "true",
                            "root_device_name": "/dev/xvda",
                            "root_device_type": "ebs",
                            "root_snapshot_id": "snap-09864da507166665b",
                            "sriov_net_support": "simple",
                            "state": "available",
                            "state_reason.%": "2",
                            "state_reason.code": "UNSET",
                            "state_reason.message": "UNSET",
                            "tags.%": "0",
                            "virtualization_type": "hvm"
                        },
                        "meta": {},
                        "tainted": false
                    },
                    "deposed": [],
                    "provider": "provider.aws"
                },
                "data.aws_iam_policy_document.ecs_cluster_permissions": {
                    "type": "aws_iam_policy_document",
                    "depends_on": [],
                    "primary": {
                        "id": "3499417357",
                        "attributes": {
                            "id": "3499417357",
                            "json": "{\n  \"Version\": \"2012-10-17\",\n  \"Statement\": [\n    {\n      \"Sid\": \"\",\n      \"Effect\": \"Allow\",\n      \"Action\": [\n        \"ecs:Submit*\",\n        \"ecs:StartTelemetrySession\",\n        \"ecs:RegisterContainerInstance\",\n        \"ecs:Poll\",\n        \"ecs:DiscoverPollEndpoint\",\n        \"ecs:DeregisterContainerInstance\",\n        \"ecs:CreateCluster\"\n      ],\n      \"Resource\": \"*\"\n    }\n  ]\n}",
                            "statement.#": "1",
                            "statement.0.actions.#": "7",
                            "statement.0.actions.1040462066": "ecs:CreateCluster",
                            "statement.0.actions.1556823005": "ecs:DiscoverPollEndpoint",
                            "statement.0.actions.2847989156": "ecs:RegisterContainerInstance",
                            "statement.0.actions.3022016053": "ecs:Poll",
                            "statement.0.actions.3930434082": "ecs:DeregisterContainerInstance",
                            "statement.0.actions.4035422284": "ecs:StartTelemetrySession",
                            "statement.0.actions.782373524": "ecs:Submit*",
                            "statement.0.condition.#": "0",
                            "statement.0.effect": "Allow",
                            "statement.0.not_actions.#": "0",
                            "statement.0.not_principals.#": "0",
                            "statement.0.not_resources.#": "0",
                            "statement.0.principals.#": "0",
                            "statement.0.resources.#": "1",
                            "statement.0.resources.2679715827": "*",
                            "statement.0.sid": ""
                        },
                        "meta": {},
                        "tainted": false
                    },
                    "deposed": [],
                    "provider": "provider.aws"
                },
                "data.aws_iam_policy_document.ecs_instance": {
                    "type": "aws_iam_policy_document",
                    "depends_on": [],
                    "primary": {
                        "id": "1903849331",
                        "attributes": {
                            "id": "1903849331",
                            "json": "{\n  \"Version\": \"2012-10-17\",\n  \"Statement\": [\n    {\n      \"Sid\": \"\",\n      \"Effect\": \"Allow\",\n      \"Action\": \"sts:AssumeRole\",\n      \"Principal\": {\n        \"Service\": \"ec2.amazonaws.com\"\n      }\n    }\n  ]\n}",
                            "statement.#": "1",
                            "statement.0.actions.#": "1",
                            "statement.0.actions.2528466339": "sts:AssumeRole",
                            "statement.0.condition.#": "0",
                            "statement.0.effect": "Allow",
                            "statement.0.not_actions.#": "0",
                            "statement.0.not_principals.#": "0",
                            "statement.0.not_resources.#": "0",
                            "statement.0.principals.#": "1",
                            "statement.0.principals.1134724139.identifiers.#": "1",
                            "statement.0.principals.1134724139.identifiers.3655884555": "ec2.amazonaws.com",
                            "statement.0.principals.1134724139.type": "Service",
                            "statement.0.resources.#": "0",
                            "statement.0.sid": ""
                        },
                        "meta": {},
                        "tainted": false
                    },
                    "deposed": [],
                    "provider": "provider.aws"
                }
            },
            "depends_on": []
        }
    ]
}
